
Microsoft Visual Studio Solution File, Format Version 12.00
# Visual Studio Version 16
VisualStudioVersion = 25.0.1706.12
MinimumVisualStudioVersion = 10.0.40219.1
Project("{FAE04EC0-301F-11D3-BF4B-00C04F79EFBC}") = "BethanyPieShop.InventoryManagement", "BethanyPieShop.InventoryManagement\BethanyPieShop.InventoryManagement.csproj", "{18DBF31F-5881-4A63-A9E8-F67E3B874645}"
EndProject
Global
	GlobalSection(SolutionConfigurationPlatforms) = preSolution
		Debug|Any CPU = Debug|Any CPU
		Release|Any CPU = Release|Any CPU
	EndGlobalSection
	GlobalSection(ProjectConfigurationPlatforms) = postSolution
		{18DBF31F-5881-4A63-A9E8-F67E3B874645}.Debug|Any CPU.ActiveCfg = Debug|Any CPU
		{18DBF31F-5881-4A63-A9E8-F67E3B874645}.Debug|Any CPU.Build.0 = Debug|Any CPU
		{18DBF31F-5881-4A63-A9E8-F67E3B874645}.Release|Any CPU.ActiveCfg = Release|Any CPU
		{18DBF31F-5881-4A63-A9E8-F67E3B874645}.Release|Any CPU.Build.0 = Release|Any CPU
	EndGlobalSection
	GlobalSection(SolutionProperties) = preSolution
		HideSolutionNode = FALSE
	EndGlobalSection
	GlobalSection(ExtensibilityGlobals) = postSolution
		SolutionGuid = {65390A80-A3DB-4575-A945-D49E5EB24204}
	EndGlobalSection
EndGlobal
